
Microsoft Visual Studio Solution File, Format Version 12.00
# Visual Studio Version 17
VisualStudioVersion = 17.9.34607.119
MinimumVisualStudioVersion = 10.0.40219.1
Project("{FAE04EC0-301F-11D3-BF4B-00C04F79EFBC}") = "ST10310998_CLDV6212_POE_ Part_1", "ST10310998_CLDV6212_POE_ Part_1.csproj", "{663E55AA-AB17-4725-8DCD-F15F62130BFA}"
EndProject
Global
	GlobalSection(SolutionConfigurationPlatforms) = preSolution
		Debug|Any CPU = Debug|Any CPU
		Release|Any CPU = Release|Any CPU
	EndGlobalSection
	GlobalSection(ProjectConfigurationPlatforms) = postSolution
		{663E55AA-AB17-4725-8DCD-F15F62130BFA}.Debug|Any CPU.ActiveCfg = Debug|Any CPU
		{663E55AA-AB17-4725-8DCD-F15F62130BFA}.Debug|Any CPU.Build.0 = Debug|Any CPU
		{663E55AA-AB17-4725-8DCD-F15F62130BFA}.Release|Any CPU.ActiveCfg = Release|Any CPU
		{663E55AA-AB17-4725-8DCD-F15F62130BFA}.Release|Any CPU.Build.0 = Release|Any CPU
	EndGlobalSection
	GlobalSection(SolutionProperties) = preSolution
		HideSolutionNode = FALSE
	EndGlobalSection
	GlobalSection(ExtensibilityGlobals) = postSolution
		SolutionGuid = {E949BAE2-9BEC-4732-85F5-33AEF0BC5002}
	EndGlobalSection
EndGlobal
